
Microsoft Visual Studio Solution File, Format Version 12.00
# Visual Studio 2012
Project("{FAE04EC0-301F-11D3-BF4B-00C04F79EFBC}") = "CrossPlatformSample", "CrossPlatformSample\CrossPlatformSample.csproj", "{CF6444A4-AB29-4117-B59D-B82BC1CC9838}"
EndProject
Project("{FAE04EC0-301F-11D3-BF4B-00C04F79EFBC}") = "CrossPlatformSample.iOS", "iOS\CrossPlatformSample.iOS.csproj", "{633E5BF4-802D-483E-9F25-F5C371A8B099}"
EndProject
Project("{FAE04EC0-301F-11D3-BF4B-00C04F79EFBC}") = "CrossPlatformSample.Droid", "Droid\CrossPlatformSample.Droid.csproj", "{F06722B5-5A3D-4BE0-AA79-E418842A16F5}"
EndProject
Project("{FAE04EC0-301F-11D3-BF4B-00C04F79EFBC}") = "CloudantClient.PCL", "..\..\src\CloudantClient.PCL\CloudantClient.PCL.csproj", "{FD75F05F-7BB5-4735-A0F2-901CCDD7722D}"
EndProject
Project("{2150E333-8FDC-42A3-9474-1A3956D46DE8}") = "Solution Items", "Solution Items", "{DD1DF76C-7478-44C3-B0F5-11BB37B3883A}"
	ProjectSection(SolutionItems) = preProject
		GettingStarted.md = GettingStarted.md
	EndProjectSection
EndProject
Global
	GlobalSection(SolutionConfigurationPlatforms) = preSolution
		Debug|Any CPU = Debug|Any CPU
		Release|Any CPU = Release|Any CPU
		Debug|iPhoneSimulator = Debug|iPhoneSimulator
		Release|iPhone = Release|iPhone
		Release|iPhoneSimulator = Release|iPhoneSimulator
		Debug|iPhone = Debug|iPhone
	EndGlobalSection
	GlobalSection(ProjectConfigurationPlatforms) = postSolution
		{633E5BF4-802D-483E-9F25-F5C371A8B099}.Debug|Any CPU.ActiveCfg = Debug|iPhoneSimulator
		{633E5BF4-802D-483E-9F25-F5C371A8B099}.Debug|Any CPU.Build.0 = Debug|iPhoneSimulator
		{633E5BF4-802D-483E-9F25-F5C371A8B099}.Debug|iPhone.ActiveCfg = Debug|iPhone
		{633E5BF4-802D-483E-9F25-F5C371A8B099}.Debug|iPhone.Build.0 = Debug|iPhone
		{633E5BF4-802D-483E-9F25-F5C371A8B099}.Debug|iPhoneSimulator.ActiveCfg = Debug|iPhoneSimulator
		{633E5BF4-802D-483E-9F25-F5C371A8B099}.Debug|iPhoneSimulator.Build.0 = Debug|iPhoneSimulator
		{633E5BF4-802D-483E-9F25-F5C371A8B099}.Release|Any CPU.ActiveCfg = Release|iPhone
		{633E5BF4-802D-483E-9F25-F5C371A8B099}.Release|Any CPU.Build.0 = Release|iPhone
		{633E5BF4-802D-483E-9F25-F5C371A8B099}.Release|iPhone.ActiveCfg = Release|iPhone
		{633E5BF4-802D-483E-9F25-F5C371A8B099}.Release|iPhone.Build.0 = Release|iPhone
		{633E5BF4-802D-483E-9F25-F5C371A8B099}.Release|iPhoneSimulator.ActiveCfg = Release|iPhoneSimulator
		{633E5BF4-802D-483E-9F25-F5C371A8B099}.Release|iPhoneSimulator.Build.0 = Release|iPhoneSimulator
		{CF6444A4-AB29-4117-B59D-B82BC1CC9838}.Debug|Any CPU.ActiveCfg = Debug|Any CPU
		{CF6444A4-AB29-4117-B59D-B82BC1CC9838}.Debug|Any CPU.Build.0 = Debug|Any CPU
		{CF6444A4-AB29-4117-B59D-B82BC1CC9838}.Debug|iPhone.ActiveCfg = Debug|Any CPU
		{CF6444A4-AB29-4117-B59D-B82BC1CC9838}.Debug|iPhone.Build.0 = Debug|Any CPU
		{CF6444A4-AB29-4117-B59D-B82BC1CC9838}.Debug|iPhoneSimulator.ActiveCfg = Debug|Any CPU
		{CF6444A4-AB29-4117-B59D-B82BC1CC9838}.Debug|iPhoneSimulator.Build.0 = Debug|Any CPU
		{CF6444A4-AB29-4117-B59D-B82BC1CC9838}.Release|Any CPU.ActiveCfg = Release|Any CPU
		{CF6444A4-AB29-4117-B59D-B82BC1CC9838}.Release|Any CPU.Build.0 = Release|Any CPU
		{CF6444A4-AB29-4117-B59D-B82BC1CC9838}.Release|iPhone.ActiveCfg = Release|Any CPU
		{CF6444A4-AB29-4117-B59D-B82BC1CC9838}.Release|iPhone.Build.0 = Release|Any CPU
		{CF6444A4-AB29-4117-B59D-B82BC1CC9838}.Release|iPhoneSimulator.ActiveCfg = Release|Any CPU
		{CF6444A4-AB29-4117-B59D-B82BC1CC9838}.Release|iPhoneSimulator.Build.0 = Release|Any CPU
		{F06722B5-5A3D-4BE0-AA79-E418842A16F5}.Debug|Any CPU.ActiveCfg = Debug|Any CPU
		{F06722B5-5A3D-4BE0-AA79-E418842A16F5}.Debug|Any CPU.Build.0 = Debug|Any CPU
		{F06722B5-5A3D-4BE0-AA79-E418842A16F5}.Debug|iPhone.ActiveCfg = Debug|Any CPU
		{F06722B5-5A3D-4BE0-AA79-E418842A16F5}.Debug|iPhone.Build.0 = Debug|Any CPU
		{F06722B5-5A3D-4BE0-AA79-E418842A16F5}.Debug|iPhoneSimulator.ActiveCfg = Debug|Any CPU
		{F06722B5-5A3D-4BE0-AA79-E418842A16F5}.Debug|iPhoneSimulator.Build.0 = Debug|Any CPU
		{F06722B5-5A3D-4BE0-AA79-E418842A16F5}.Release|Any CPU.ActiveCfg = Release|Any CPU
		{F06722B5-5A3D-4BE0-AA79-E418842A16F5}.Release|Any CPU.Build.0 = Release|Any CPU
		{F06722B5-5A3D-4BE0-AA79-E418842A16F5}.Release|iPhone.ActiveCfg = Release|Any CPU
		{F06722B5-5A3D-4BE0-AA79-E418842A16F5}.Release|iPhone.Build.0 = Release|Any CPU
		{F06722B5-5A3D-4BE0-AA79-E418842A16F5}.Release|iPhoneSimulator.ActiveCfg = Release|Any CPU
		{F06722B5-5A3D-4BE0-AA79-E418842A16F5}.Release|iPhoneSimulator.Build.0 = Release|Any CPU
		{FD75F05F-7BB5-4735-A0F2-901CCDD7722D}.Debug|Any CPU.ActiveCfg = Debug|Any CPU
		{FD75F05F-7BB5-4735-A0F2-901CCDD7722D}.Debug|Any CPU.Build.0 = Debug|Any CPU
		{FD75F05F-7BB5-4735-A0F2-901CCDD7722D}.Debug|iPhone.ActiveCfg = Debug|Any CPU
		{FD75F05F-7BB5-4735-A0F2-901CCDD7722D}.Debug|iPhone.Build.0 = Debug|Any CPU
		{FD75F05F-7BB5-4735-A0F2-901CCDD7722D}.Debug|iPhoneSimulator.ActiveCfg = Debug|Any CPU
		{FD75F05F-7BB5-4735-A0F2-901CCDD7722D}.Debug|iPhoneSimulator.Build.0 = Debug|Any CPU
		{FD75F05F-7BB5-4735-A0F2-901CCDD7722D}.Release|Any CPU.ActiveCfg = Release|Any CPU
		{FD75F05F-7BB5-4735-A0F2-901CCDD7722D}.Release|Any CPU.Build.0 = Release|Any CPU
		{FD75F05F-7BB5-4735-A0F2-901CCDD7722D}.Release|iPhone.ActiveCfg = Release|Any CPU
		{FD75F05F-7BB5-4735-A0F2-901CCDD7722D}.Release|iPhone.Build.0 = Release|Any CPU
		{FD75F05F-7BB5-4735-A0F2-901CCDD7722D}.Release|iPhoneSimulator.ActiveCfg = Release|Any CPU
		{FD75F05F-7BB5-4735-A0F2-901CCDD7722D}.Release|iPhoneSimulator.Build.0 = Release|Any CPU
	EndGlobalSection
	GlobalSection(NestedProjects) = preSolution
	EndGlobalSection
	GlobalSection(MonoDevelopProperties) = preSolution
		Policies = $0
		$0.TextStylePolicy = $1
		$1.FileWidth = 120
		$1.NoTabsAfterNonTabs = True
		$1.inheritsSet = VisualStudio
		$1.inheritsScope = text/plain
		$1.scope = text/x-csharp
		$0.CSharpFormattingPolicy = $2
		$2.IndentSwitchBody = True
		$2.IndentBlocksInsideExpressions = True
		$2.AnonymousMethodBraceStyle = NextLine
		$2.PropertyBraceStyle = NextLine
		$2.PropertyGetBraceStyle = NextLine
		$2.PropertySetBraceStyle = NextLine
		$2.EventBraceStyle = NextLine
		$2.EventAddBraceStyle = NextLine
		$2.EventRemoveBraceStyle = NextLine
		$2.StatementBraceStyle = NextLine
		$2.ElseNewLinePlacement = NewLine
		$2.CatchNewLinePlacement = NewLine
		$2.FinallyNewLinePlacement = NewLine
		$2.WhileNewLinePlacement = DoNotCare
		$2.ArrayInitializerWrapping = DoNotChange
		$2.ArrayInitializerBraceStyle = NextLine
		$2.BeforeMethodDeclarationParentheses = False
		$2.BeforeMethodCallParentheses = False
		$2.BeforeConstructorDeclarationParentheses = False
		$2.NewLineBeforeConstructorInitializerColon = NewLine
		$2.NewLineAfterConstructorInitializerColon = SameLine
		$2.BeforeDelegateDeclarationParentheses = False
		$2.NewParentheses = False
		$2.SpacesBeforeBrackets = False
		$2.inheritsSet = Mono
		$2.inheritsScope = text/x-csharp
		$2.scope = text/x-csharp
		$0.TextStylePolicy = $3
		$3.FileWidth = 120
		$3.TabsToSpaces = False
		$3.inheritsSet = VisualStudio
		$3.inheritsScope = text/plain
		$3.scope = text/plain
		description = Sample for the Cloudant Client library.
	EndGlobalSection
EndGlobal
